
Microsoft Visual Studio Solution File, Format Version 12.00
# Visual Studio Version 17
VisualStudioVersion = 17.7.34031.279
MinimumVisualStudioVersion = 10.0.40219.1
Project("{9A19103F-16F7-4668-BE54-9A1E7A4F7556}") = "Run", "Run\Run.csproj", "{39FC0923-2439-47AD-BDF5-367D58EA3E24}"
EndProject
Project("{9A19103F-16F7-4668-BE54-9A1E7A4F7556}") = "Run_WinForms", "Run_WinForms\Run_WinForms.csproj", "{FE0E3603-DEED-479F-A45C-33D33CCE3BDC}"
	ProjectSection(ProjectDependencies) = postProject
		{39FC0923-2439-47AD-BDF5-367D58EA3E24} = {39FC0923-2439-47AD-BDF5-367D58EA3E24}
	EndProjectSection
EndProject
Project("{9A19103F-16F7-4668-BE54-9A1E7A4F7556}") = "Run_Test", "Run_Test\Run_Test.csproj", "{D0C1670E-0E91-41FA-BB33-36C2F9E8BC4D}"
EndProject
Global
	GlobalSection(SolutionConfigurationPlatforms) = preSolution
		Debug|Any CPU = Debug|Any CPU
		Release|Any CPU = Release|Any CPU
	EndGlobalSection
	GlobalSection(ProjectConfigurationPlatforms) = postSolution
		{39FC0923-2439-47AD-BDF5-367D58EA3E24}.Debug|Any CPU.ActiveCfg = Debug|Any CPU
		{39FC0923-2439-47AD-BDF5-367D58EA3E24}.Debug|Any CPU.Build.0 = Debug|Any CPU
		{39FC0923-2439-47AD-BDF5-367D58EA3E24}.Release|Any CPU.ActiveCfg = Release|Any CPU
		{39FC0923-2439-47AD-BDF5-367D58EA3E24}.Release|Any CPU.Build.0 = Release|Any CPU
		{FE0E3603-DEED-479F-A45C-33D33CCE3BDC}.Debug|Any CPU.ActiveCfg = Debug|Any CPU
		{FE0E3603-DEED-479F-A45C-33D33CCE3BDC}.Debug|Any CPU.Build.0 = Debug|Any CPU
		{FE0E3603-DEED-479F-A45C-33D33CCE3BDC}.Release|Any CPU.ActiveCfg = Release|Any CPU
		{FE0E3603-DEED-479F-A45C-33D33CCE3BDC}.Release|Any CPU.Build.0 = Release|Any CPU
		{D0C1670E-0E91-41FA-BB33-36C2F9E8BC4D}.Debug|Any CPU.ActiveCfg = Debug|Any CPU
		{D0C1670E-0E91-41FA-BB33-36C2F9E8BC4D}.Debug|Any CPU.Build.0 = Debug|Any CPU
		{D0C1670E-0E91-41FA-BB33-36C2F9E8BC4D}.Release|Any CPU.ActiveCfg = Release|Any CPU
		{D0C1670E-0E91-41FA-BB33-36C2F9E8BC4D}.Release|Any CPU.Build.0 = Release|Any CPU
	EndGlobalSection
	GlobalSection(SolutionProperties) = preSolution
		HideSolutionNode = FALSE
	EndGlobalSection
	GlobalSection(ExtensibilityGlobals) = postSolution
		SolutionGuid = {A594DAA8-4CDC-4783-AB7B-3B68A27BF504}
	EndGlobalSection
EndGlobal
